
Microsoft Visual Studio Solution File, Format Version 12.00
# Visual Studio Version 16
VisualStudioVersion = 16.0.32510.428
MinimumVisualStudioVersion = 10.0.40219.1
Project("{FAE04EC0-301F-11D3-BF4B-00C04F79EFBC}") = "EFCodeFirstApproachExample", "EFDbFirstApproachExample\EFCodeFirstApproachExample.csproj", "{6492AD03-3384-44BA-B350-DC0E3DA051F5}"
EndProject
Global
	GlobalSection(SolutionConfigurationPlatforms) = preSolution
		Debug|Any CPU = Debug|Any CPU
		Release|Any CPU = Release|Any CPU
	EndGlobalSection
	GlobalSection(ProjectConfigurationPlatforms) = postSolution
		{6492AD03-3384-44BA-B350-DC0E3DA051F5}.Debug|Any CPU.ActiveCfg = Debug|Any CPU
		{6492AD03-3384-44BA-B350-DC0E3DA051F5}.Debug|Any CPU.Build.0 = Debug|Any CPU
		{6492AD03-3384-44BA-B350-DC0E3DA051F5}.Release|Any CPU.ActiveCfg = Release|Any CPU
		{6492AD03-3384-44BA-B350-DC0E3DA051F5}.Release|Any CPU.Build.0 = Release|Any CPU
	EndGlobalSection
	GlobalSection(SolutionProperties) = preSolution
		HideSolutionNode = FALSE
	EndGlobalSection
	GlobalSection(ExtensibilityGlobals) = postSolution
		SolutionGuid = {5C0B1BB4-29DF-4248-8369-715257E50DDA}
	EndGlobalSection
EndGlobal
