
Microsoft Visual Studio Solution File, Format Version 12.00
# Visual Studio Version 16
VisualStudioVersion = 16.0.30002.166
MinimumVisualStudioVersion = 10.0.40219.1
Project("{FAE04EC0-301F-11D3-BF4B-00C04F79EFBC}") = "CurrencyAssignment", "CurrencyAssignment\CurrencyAssignment.csproj", "{3BA1C1B6-B1F6-44BF-BEB9-5141116BBED5}"
EndProject
Global
	GlobalSection(SolutionConfigurationPlatforms) = preSolution
		Debug|Any CPU = Debug|Any CPU
		Release|Any CPU = Release|Any CPU
	EndGlobalSection
	GlobalSection(ProjectConfigurationPlatforms) = postSolution
		{3BA1C1B6-B1F6-44BF-BEB9-5141116BBED5}.Debug|Any CPU.ActiveCfg = Debug|Any CPU
		{3BA1C1B6-B1F6-44BF-BEB9-5141116BBED5}.Debug|Any CPU.Build.0 = Debug|Any CPU
		{3BA1C1B6-B1F6-44BF-BEB9-5141116BBED5}.Release|Any CPU.ActiveCfg = Release|Any CPU
		{3BA1C1B6-B1F6-44BF-BEB9-5141116BBED5}.Release|Any CPU.Build.0 = Release|Any CPU
	EndGlobalSection
	GlobalSection(SolutionProperties) = preSolution
		HideSolutionNode = FALSE
	EndGlobalSection
	GlobalSection(ExtensibilityGlobals) = postSolution
		SolutionGuid = {2ED4C6D6-DEE4-415A-B5B7-FD5986ACDBF5}
	EndGlobalSection
EndGlobal
