
Microsoft Visual Studio Solution File, Format Version 12.00
# Visual Studio Version 16
VisualStudioVersion = 16.0.30002.166
MinimumVisualStudioVersion = 10.0.40219.1
Project("{FAE04EC0-301F-11D3-BF4B-00C04F79EFBC}") = "ActionResultAssginment", "ActionResultAssginment\ActionResultAssginment.csproj", "{5C158867-87E7-4BE2-B9DC-257921F3E965}"
EndProject
Global
	GlobalSection(SolutionConfigurationPlatforms) = preSolution
		Debug|Any CPU = Debug|Any CPU
		Release|Any CPU = Release|Any CPU
	EndGlobalSection
	GlobalSection(ProjectConfigurationPlatforms) = postSolution
		{5C158867-87E7-4BE2-B9DC-257921F3E965}.Debug|Any CPU.ActiveCfg = Debug|Any CPU
		{5C158867-87E7-4BE2-B9DC-257921F3E965}.Debug|Any CPU.Build.0 = Debug|Any CPU
		{5C158867-87E7-4BE2-B9DC-257921F3E965}.Release|Any CPU.ActiveCfg = Release|Any CPU
		{5C158867-87E7-4BE2-B9DC-257921F3E965}.Release|Any CPU.Build.0 = Release|Any CPU
	EndGlobalSection
	GlobalSection(SolutionProperties) = preSolution
		HideSolutionNode = FALSE
	EndGlobalSection
	GlobalSection(ExtensibilityGlobals) = postSolution
		SolutionGuid = {482FE4B8-27F1-45D8-B762-181AFB505B84}
	EndGlobalSection
EndGlobal
